github.com/BurntSushi/toml v1.2.1 h1:9F2/+DoOYIOksmaJFPw1tGFy1eDnIJXg+UHjuD8lTak=
github.com/BurntSushi/toml v1.2.1/go.mod h1:CxXYINrC8qIiEnFrOxCa7Jy5BFHlXnUU2pbicEuybxQ=
github.com/anknown/ahocorasick v0.0.0-20170415101647-0c5fc0283558 h1:IqFHra7oxhRcKdCYCxtyAqc6jg+R+2nxybRSAomxg48=
github.com/anknown/ahocorasick v0.0.0-20170415101647-0c5fc0283558/go.mod h1:4yg+jNTYlDEzBjhGS96v+zjyA3lfXlFd5CiTLIkPBLI=
github.com/anknown/darts v0.0.0-20151216065714-83ff685239e6 h1:HblK3eJHq54yET63qPCTJnks3loDse5xRmmqHgHzwoI=
github.com/anknown/darts v0.0.0-20151216065714-83ff685239e6/go.mod h1:pbiaLIeYLUbgMY1kwEAdwO6UKD5ZNwdPGQlwokS9fe8=
github.com/cloudflare/ahocorasick v0.0.0-20131126104932-1ce46e42b741 h1:8Xzh8Z+jiT/MpNO1RRu4/o4o3hP3iGWJaD5GfaH2Kak=
github.com/cloudflare/ahocorasick v0.0.0-20131126104932-1ce46e42b741/go.mod h1:tGWUZLZp9ajsxUOnHmFFLnqnlKXsCn6GReG4jAD59H0=
github.com/davecgh/go-spew v1.1.0/go.mod h1:J7Y8YcW2NihsgmVo/mv3lAwl/skON4iLHjSsI+c5H38=
github.com/davecgh/go-spew v1.1.1 h1:vj9j/u1bqnvCEfJOwUhtlOARqs3+rkHYY13jYWTU97c=
github.com/davecgh/go-spew v1.1.1/go.mod h1:J7Y8YcW2NihsgmVo/mv3lAwl/skON4iLHjSsI+c5H38=
github.com/gameraccoon/telegram-bot-skeleton v0.0.6 h1:p9DQZZJYMRcAncooUIHR3zlR7qzgGdDjSTmWMBPU8X8=
github.com/gameraccoon/telegram-bot-skeleton v0.0.6/go.mod h1:Pq/K4fprrC6dHZo8n0wJN48x4cl7ypRUgETPkTk5LVE=
github.com/go-telegram-bot-api/telegram-bot-api v4.0.0+incompatible h1:C539BKwRaFukaBrn8ViST3ALNyWkBAozS4V4LuDXvgo=
github.com/go-telegram-bot-api/telegram-bot-api v4.0.0+incompatible/go.mod h1:qf9acutJ8cwBUhm1bqgz6Bei9/C/c93FPDljKWwsOgM=
github.com/go-telegram-bot-api/telegram-bot-api v4.6.1+incompatible h1:KWd4+1Z6hk4FqQPCvPBSMCTCy0vjTVJmq0JdkflLxy8=
github.com/go-telegram-bot-api/telegram-bot-api v4.6.1+incompatible/go.mod h1:qf9acutJ8cwBUhm1bqgz6Bei9/C/c93FPDljKWwsOgM=
github.com/go-telegram-bot-api/telegram-bot-api v4.6.4+incompatible h1:2cauKuaELYAEARXRkq2LrJ0yDDv1rW7+wrTEdVL3uaU=
github.com/go-telegram-bot-api/telegram-bot-api v4.6.4+incompatible/go.mod h1:qf9acutJ8cwBUhm1bqgz6Bei9/C/c93FPDljKWwsOgM=
github.com/iohub/ahocorasick v0.0.0-20190713143823-b7bfd8ad9e27 h1:OqwPHTYpoLiWOiaxiqaT3lcJ1gRPOxLymnIweR9em2c=
github.com/iohub/ahocorasick v0.0.0-20190713143823-b7bfd8ad9e27/go.mod h1:HYvkm/DoDY4MzKrf1Iobik7c3a64giSEeWhrSdb3e8o=
github.com/iohub/ahocorasick v0.0.0-20240118134817-7d0e3abf6181 h1:TE38z5GoZZQ5EEO3M0rg8ktVSJFuf2c7nlJ91c7ADl4=
github.com/iohub/ahocorasick v0.0.0-20240118134817-7d0e3abf6181/go.mod h1:HYvkm/DoDY4MzKrf1Iobik7c3a64giSEeWhrSdb3e8o=
github.com/mattn/go-sqlite3 v1.14.16 h1:yOQRA0RpS5PFz/oikGwBEqvAWhWg5ufRz4ETLjwpU1Y=
github.com/mattn/go-sqlite3 v1.14.16/go.mod h1:2eHXhiwb8IkHr+BDWZGa96P6+rkvnG63S2DGjv9HUNg=
github.com/mattn/go-sqlite3 v1.14.22 h1:2gZY6PC6kBnID23Tichd1K+Z0oS6nE/XwU+Vz/5o4kU=
github.com/mattn/go-sqlite3 v1.14.22/go.mod h1:Uh1q+B4BYcTPb+yiD3kU8Ct7aC0hY9fxUwlHK0RXw+Y=
github.com/nicksnyder/go-i18n v1.10.1 h1:isfg77E/aCD7+0lD/D00ebR2MV5vgeQ276WYyDaCRQc=
github.com/nicksnyder/go-i18n v1.10.1/go.mod h1:e4Di5xjP9oTVrC6y3C7C0HoSYXjSbhh/dU0eUV32nB4=
github.com/nicksnyder/go-i18n v1.10.3 h1:0U60fnLBNrLBVt8vb8Q67yKNs+gykbQuLsIkiesJL+w=
github.com/nicksnyder/go-i18n v1.10.3/go.mod h1:hvLG5HTlZ4UfSuVLSRuX7JRUomIaoKQM19hm6f+no7o=
github.com/pelletier/go-toml v1.2.0 h1:T5zMGML61Wp+FlcbWjRDT7yAxhJNAiPPLOFECq181zc=
github.com/pelletier/go-toml v1.2.0/go.mod h1:5z9KED0ma1S8pY6P1sdut58dfprrGBbd/94hg7ilaic=
github.com/pelletier/go-toml v1.9.5 h1:4yBQzkHv+7BHq2PQUZF3Mx0IYxG7LsP222s7Agd3ve8=
github.com/pelletier/go-toml v1.9.5/go.mod h1:u1nR/EPcESfeI/szUZKdtJ0xRNbUoANCkoOuaOx1Y+c=
github.com/pmezard/go-difflib v1.0.0 h1:4DBwDE0NGyQoBHbLQYPwSUPoCMWR5BEzIk/f1lZbAQM=
github.com/pmezard/go-difflib v1.0.0/go.mod h1:iKH77koFhYxTK1pcRnkKkqfTogsbg7gZNVY4sRDYZ/4=
github.com/stretchr/objx v0.1.0/go.mod h1:HFkY916IF+rwdDfMAkV7OtwuqBVzrE8GR6GFx+wExME=
github.com/stretchr/objx v0.4.0/go.mod h1:YvHI0jy2hoMjB+UWwv71VJQ9isScKT/TqJzVSSt89Yw=
github.com/stretchr/objx v0.5.0/go.mod h1:Yh+to48EsGEfYuaHDzXPcE3xhTkx73EhmCGUpEOglKo=
github.com/stretchr/testify v1.7.1/go.mod h1:6Fq8oRcR53rry900zMqJjRRixrwX3KX962/h/Wwjteg=
github.com/stretchr/testify v1.8.0/go.mod h1:yNjHg4UonilssWZ8iaSj1OCr/vHnekPRkoO+kdMU+MU=
github.com/stretchr/testify v1.8.2 h1:+h33VjcLVPDHtOdpUCuF+7gSuG3yGIftsP1YvFihtJ8=
github.com/stretchr/testify v1.8.2/go.mod h1:w2LPCIKwWwSfY2zedu0+kehJoqGctiVI29o6fzry7u4=
github.com/technoweenie/multipartstreamer v1.0.1 h1:XRztA5MXiR1TIRHxH2uNxXxaIkKQDeX7m2XsSOlQEnM=
github.com/technoweenie/multipartstreamer v1.0.1/go.mod h1:jNVxdtShOxzAsukZwTSw6MDx5eUJoiEBsSvzDU9uzog=
gopkg.in/check.v1 v0.0.0-20161208181325-20d25e280405/go.mod h1:Co6ibVJAznAaIkqp8huTwlJQCZ016jof/cbN4VW5Yz0=
gopkg.in/yaml.v2 v2.2.1 h1:mUhvW9EsL+naU5Q3cakzfE91YhliOondGd6ZrsDBHQE=
gopkg.in/yaml.v2 v2.2.1/go.mod h1:hI93XBmqTisBFMUTm0b8Fm+jr3Dg1NNxqwp+5A1VGuI=
gopkg.in/yaml.v2 v2.4.0 h1:D8xgwECY7CYvx+Y2n4sBz93Jn9JRvxdiyyo8CTfuKaY=
gopkg.in/yaml.v2 v2.4.0/go.mod h1:RDklbk79AGWmwhnvt/jBztapEOGDOx6ZbXqjP6csGnQ=
gopkg.in/yaml.v3 v3.0.0-20200313102051-9f266ea9e77c/go.mod h1:K4uyk7z7BCEPqu6E+C64Yfv1cQ7kz7rIZviUmN+EgEM=
gopkg.in/yaml.v3 v3.0.1 h1:fxVm/GzAzEWqLHuvctI91KS9hhNmmWOoWu0XTYJS7CA=
gopkg.in/yaml.v3 v3.0.1/go.mod h1:K4uyk7z7BCEPqu6E+C64Yfv1cQ7kz7rIZviUmN+EgEM=
